{
  "requires": true,
  "lockfileVersion": 1,
  "dependencies": {
    "angular-progress-bar": {
      "version": "1.0.3",
      "resolved": "https://registry.npmjs.org/angular-progress-bar/-/angular-progress-bar-1.0.3.tgz",
      "integrity": "sha512-HT0v0QCURWKn3ITbm62gY8Xf0ALQpR3h9z7QB6i9FnmsixI11ESjZtti6+vS0hNajaXo9Dc311tQGXjGGwfnkg=="
    }
  }
}
